
Microsoft Visual Studio Solution File, Format Version 12.00
# Visual Studio Version 17
VisualStudioVersion = 17.7.34221.43
MinimumVisualStudioVersion = 10.0.40219.1
Project("{FAE04EC0-301F-11D3-BF4B-00C04F79EFBC}") = "Day16Assignment", "Day16Assignment\Day16Assignment.csproj", "{C00611F3-C701-4C46-8ABA-BB0CF959C5FD}"
EndProject
Global
	GlobalSection(SolutionConfigurationPlatforms) = preSolution
		Debug|Any CPU = Debug|Any CPU
		Release|Any CPU = Release|Any CPU
	EndGlobalSection
	GlobalSection(ProjectConfigurationPlatforms) = postSolution
		{C00611F3-C701-4C46-8ABA-BB0CF959C5FD}.Debug|Any CPU.ActiveCfg = Debug|Any CPU
		{C00611F3-C701-4C46-8ABA-BB0CF959C5FD}.Debug|Any CPU.Build.0 = Debug|Any CPU
		{C00611F3-C701-4C46-8ABA-BB0CF959C5FD}.Release|Any CPU.ActiveCfg = Release|Any CPU
		{C00611F3-C701-4C46-8ABA-BB0CF959C5FD}.Release|Any CPU.Build.0 = Release|Any CPU
	EndGlobalSection
	GlobalSection(SolutionProperties) = preSolution
		HideSolutionNode = FALSE
	EndGlobalSection
	GlobalSection(ExtensibilityGlobals) = postSolution
		SolutionGuid = {5091F6B2-3633-49E8-AFA5-E7F39464F8DE}
	EndGlobalSection
EndGlobal
